Microsoft Visual Studio Solution File, Format Version 12.00
# Visual Studio Version 17
VisualStudioVersion = 17.13.35818.85
MinimumVisualStudioVersion = 10.0.40219.1
Project("{8BC9CEB8-8B4A-11D0-8D11-00A0C91BC942}") = "TradingSystem_Matching_Engine", "TradingSystem_Matching_Engine\TradingSystem_Matching_Engine.vcxproj", "{08828CC0-83A3-4F38-AB34-AF8F956EDD41}"
EndProject
Global
	GlobalSection(SolutionConfigurationPlatforms) = preSolution
		Debug|x64 = Debug|x64
		Debug|x86 = Debug|x86
		Release|x64 = Release|x64
		Release|x86 = Release|x86
	EndGlobalSection
	GlobalSection(ProjectConfigurationPlatforms) = postSolution
		{08828CC0-83A3-4F38-AB34-AF8F956EDD41}.Debug|x64.ActiveCfg = Debug|x64
		{08828CC0-83A3-4F38-AB34-AF8F956EDD41}.Debug|x64.Build.0 = Debug|x64
		{08828CC0-83A3-4F38-AB34-AF8F956EDD41}.Debug|x86.ActiveCfg = Debug|Win32
		{08828CC0-83A3-4F38-AB34-AF8F956EDD41}.Debug|x86.Build.0 = Debug|Win32
		{08828CC0-83A3-4F38-AB34-AF8F956EDD41}.Release|x64.ActiveCfg = Release|x64
		{08828CC0-83A3-4F38-AB34-AF8F956EDD41}.Release|x64.Build.0 = Release|x64
		{08828CC0-83A3-4F38-AB34-AF8F956EDD41}.Release|x86.ActiveCfg = Release|Win32
		{08828CC0-83A3-4F38-AB34-AF8F956EDD41}.Release|x86.Build.0 = Release|Win32
	EndGlobalSection
	GlobalSection(SolutionProperties) = preSolution
		HideSolutionNode = FALSE
	EndGlobalSection
	GlobalSection(ExtensibilityGlobals) = postSolution
		SolutionGuid = {2A028D50-81C2-4980-AA22-56E6C0128424}
	EndGlobalSection
EndGlobal
